
Microsoft Visual Studio Solution File, Format Version 12.00
# Visual Studio Version 16
VisualStudioVersion = 16.0.31605.320
MinimumVisualStudioVersion = 10.0.40219.1
Project("{FAE04EC0-301F-11D3-BF4B-00C04F79EFBC}") = "T1", "T1\T1.csproj", "{EA46D5D4-4DD6-4035-8DF5-DF62EB0E30D1}"
EndProject
Global
	GlobalSection(SolutionConfigurationPlatforms) = preSolution
		Debug|Any CPU = Debug|Any CPU
		Release|Any CPU = Release|Any CPU
	EndGlobalSection
	GlobalSection(ProjectConfigurationPlatforms) = postSolution
		{EA46D5D4-4DD6-4035-8DF5-DF62EB0E30D1}.Debug|Any CPU.ActiveCfg = Debug|Any CPU
		{EA46D5D4-4DD6-4035-8DF5-DF62EB0E30D1}.Debug|Any CPU.Build.0 = Debug|Any CPU
		{EA46D5D4-4DD6-4035-8DF5-DF62EB0E30D1}.Release|Any CPU.ActiveCfg = Release|Any CPU
		{EA46D5D4-4DD6-4035-8DF5-DF62EB0E30D1}.Release|Any CPU.Build.0 = Release|Any CPU
	EndGlobalSection
	GlobalSection(SolutionProperties) = preSolution
		HideSolutionNode = FALSE
	EndGlobalSection
	GlobalSection(ExtensibilityGlobals) = postSolution
		SolutionGuid = {91DF0C69-B937-4C84-83C3-4276EEAFE0BB}
	EndGlobalSection
EndGlobal
